
Microsoft Visual Studio Solution File, Format Version 12.00
# Visual Studio 15
VisualStudioVersion = 15.0.28010.2050
MinimumVisualStudioVersion = 10.0.40219.1
Project("{FAE04EC0-301F-11D3-BF4B-00C04F79EFBC}") = "FirstTask", "FirstTask\FirstTask.csproj", "{3BA9BA22-839E-48F5-B7AD-4BE75E67CB69}"
EndProject
Global
	GlobalSection(SolutionConfigurationPlatforms) = preSolution
		Debug|Any CPU = Debug|Any CPU
		Release|Any CPU = Release|Any CPU
	EndGlobalSection
	GlobalSection(ProjectConfigurationPlatforms) = postSolution
		{3BA9BA22-839E-48F5-B7AD-4BE75E67CB69}.Debug|Any CPU.ActiveCfg = Debug|Any CPU
		{3BA9BA22-839E-48F5-B7AD-4BE75E67CB69}.Debug|Any CPU.Build.0 = Debug|Any CPU
		{3BA9BA22-839E-48F5-B7AD-4BE75E67CB69}.Release|Any CPU.ActiveCfg = Release|Any CPU
		{3BA9BA22-839E-48F5-B7AD-4BE75E67CB69}.Release|Any CPU.Build.0 = Release|Any CPU
	EndGlobalSection
	GlobalSection(SolutionProperties) = preSolution
		HideSolutionNode = FALSE
	EndGlobalSection
	GlobalSection(ExtensibilityGlobals) = postSolution
		SolutionGuid = {763F6E6A-96ED-422D-A3EB-0FE3AFC02E9E}
	EndGlobalSection
EndGlobal
